
Microsoft Visual Studio Solution File, Format Version 12.00
# Visual Studio 15
VisualStudioVersion = 15.0.26730.16
MinimumVisualStudioVersion = 10.0.40219.1
Project("{FAE04EC0-301F-11D3-BF4B-00C04F79EFBC}") = "CSCI717", "CSCI717\CSCI717.csproj", "{114E7F98-2443-4DA7-9504-C5DC881D75CE}"
EndProject
Global
	GlobalSection(SolutionConfigurationPlatforms) = preSolution
		Debug|Any CPU = Debug|Any CPU
		Release|Any CPU = Release|Any CPU
	EndGlobalSection
	GlobalSection(ProjectConfigurationPlatforms) = postSolution
		{114E7F98-2443-4DA7-9504-C5DC881D75CE}.Debug|Any CPU.ActiveCfg = Debug|Any CPU
		{114E7F98-2443-4DA7-9504-C5DC881D75CE}.Debug|Any CPU.Build.0 = Debug|Any CPU
		{114E7F98-2443-4DA7-9504-C5DC881D75CE}.Release|Any CPU.ActiveCfg = Release|Any CPU
		{114E7F98-2443-4DA7-9504-C5DC881D75CE}.Release|Any CPU.Build.0 = Release|Any CPU
	EndGlobalSection
	GlobalSection(SolutionProperties) = preSolution
		HideSolutionNode = FALSE
	EndGlobalSection
	GlobalSection(ExtensibilityGlobals) = postSolution
		SolutionGuid = {F5E6DB2E-2395-41C4-80D0-556F28535730}
	EndGlobalSection
EndGlobal
